
Microsoft Visual Studio Solution File, Format Version 12.00
# Visual Studio Version 16
VisualStudioVersion = 16.0.31729.503
MinimumVisualStudioVersion = 10.0.40219.1
Project("{FAE04EC0-301F-11D3-BF4B-00C04F79EFBC}") = "WPFAppEmployee", "WPFAppEmployee.csproj", "{370F78B0-B0B2-40CD-B54A-EB43D2BA0472}"
EndProject
Project("{FAE04EC0-301F-11D3-BF4B-00C04F79EFBC}") = "Library_BLL", "..\Library_BLL\Library_BLL.csproj", "{13C0DEBC-8D7A-4845-8EB0-437E25FD88BA}"
EndProject
Project("{FAE04EC0-301F-11D3-BF4B-00C04F79EFBC}") = "DAL(EntityFramework)", "..\DAL(EntityFramework)\DAL(EntityFramework).csproj", "{423B5678-3CB0-443E-BE5E-F807F26FD190}"
EndProject
Global
	GlobalSection(SolutionConfigurationPlatforms) = preSolution
		Debug|Any CPU = Debug|Any CPU
		Release|Any CPU = Release|Any CPU
	EndGlobalSection
	GlobalSection(ProjectConfigurationPlatforms) = postSolution
		{370F78B0-B0B2-40CD-B54A-EB43D2BA0472}.Debug|Any CPU.ActiveCfg = Debug|Any CPU
		{370F78B0-B0B2-40CD-B54A-EB43D2BA0472}.Debug|Any CPU.Build.0 = Debug|Any CPU
		{370F78B0-B0B2-40CD-B54A-EB43D2BA0472}.Release|Any CPU.ActiveCfg = Release|Any CPU
		{370F78B0-B0B2-40CD-B54A-EB43D2BA0472}.Release|Any CPU.Build.0 = Release|Any CPU
		{13C0DEBC-8D7A-4845-8EB0-437E25FD88BA}.Debug|Any CPU.ActiveCfg = Debug|Any CPU
		{13C0DEBC-8D7A-4845-8EB0-437E25FD88BA}.Debug|Any CPU.Build.0 = Debug|Any CPU
		{13C0DEBC-8D7A-4845-8EB0-437E25FD88BA}.Release|Any CPU.ActiveCfg = Release|Any CPU
		{13C0DEBC-8D7A-4845-8EB0-437E25FD88BA}.Release|Any CPU.Build.0 = Release|Any CPU
		{423B5678-3CB0-443E-BE5E-F807F26FD190}.Debug|Any CPU.ActiveCfg = Debug|Any CPU
		{423B5678-3CB0-443E-BE5E-F807F26FD190}.Debug|Any CPU.Build.0 = Debug|Any CPU
		{423B5678-3CB0-443E-BE5E-F807F26FD190}.Release|Any CPU.ActiveCfg = Release|Any CPU
		{423B5678-3CB0-443E-BE5E-F807F26FD190}.Release|Any CPU.Build.0 = Release|Any CPU
	EndGlobalSection
	GlobalSection(SolutionProperties) = preSolution
		HideSolutionNode = FALSE
	EndGlobalSection
	GlobalSection(ExtensibilityGlobals) = postSolution
		SolutionGuid = {E47B7EBA-8E21-4FE0-AC09-B3F74BFB400B}
	EndGlobalSection
EndGlobal
